
Microsoft Visual Studio Solution File, Format Version 12.00
# Visual Studio Version 16
VisualStudioVersion = 16.0.31129.286
MinimumVisualStudioVersion = 10.0.40219.1
Project("{FAE04EC0-301F-11D3-BF4B-00C04F79EFBC}") = "AwesomeApp.Android", "AwesomeApp\AwesomeApp.Android\AwesomeApp.Android.csproj", "{B457E475-617E-493F-9F04-220498C7D676}"
EndProject
Project("{FAE04EC0-301F-11D3-BF4B-00C04F79EFBC}") = "AwesomeApp.iOS", "AwesomeApp\AwesomeApp.iOS\AwesomeApp.iOS.csproj", "{208575EB-8071-4A02-A406-FB4CB2F37D3C}"
EndProject
Project("{FAE04EC0-301F-11D3-BF4B-00C04F79EFBC}") = "AwesomeApp", "AwesomeApp\AwesomeApp\AwesomeApp.csproj", "{F23C5A5A-4EC1-4240-B810-372AEA3F1831}"
EndProject
Global
	GlobalSection(SolutionConfigurationPlatforms) = preSolution
		Debug|Any CPU = Debug|Any CPU
		Debug|iPhone = Debug|iPhone
		Debug|iPhoneSimulator = Debug|iPhoneSimulator
		Release|Any CPU = Release|Any CPU
		Release|iPhone = Release|iPhone
		Release|iPhoneSimulator = Release|iPhoneSimulator
	EndGlobalSection
	GlobalSection(ProjectConfigurationPlatforms) = postSolution
		{B457E475-617E-493F-9F04-220498C7D676}.Debug|Any CPU.ActiveCfg = Debug|Any CPU
		{B457E475-617E-493F-9F04-220498C7D676}.Debug|Any CPU.Build.0 = Debug|Any CPU
		{B457E475-617E-493F-9F04-220498C7D676}.Debug|Any CPU.Deploy.0 = Debug|Any CPU
		{B457E475-617E-493F-9F04-220498C7D676}.Debug|iPhone.ActiveCfg = Debug|Any CPU
		{B457E475-617E-493F-9F04-220498C7D676}.Debug|iPhone.Build.0 = Debug|Any CPU
		{B457E475-617E-493F-9F04-220498C7D676}.Debug|iPhone.Deploy.0 = Debug|Any CPU
		{B457E475-617E-493F-9F04-220498C7D676}.Debug|iPhoneSimulator.ActiveCfg = Debug|Any CPU
		{B457E475-617E-493F-9F04-220498C7D676}.Debug|iPhoneSimulator.Build.0 = Debug|Any CPU
		{B457E475-617E-493F-9F04-220498C7D676}.Debug|iPhoneSimulator.Deploy.0 = Debug|Any CPU
		{B457E475-617E-493F-9F04-220498C7D676}.Release|Any CPU.ActiveCfg = Release|Any CPU
		{B457E475-617E-493F-9F04-220498C7D676}.Release|Any CPU.Build.0 = Release|Any CPU
		{B457E475-617E-493F-9F04-220498C7D676}.Release|Any CPU.Deploy.0 = Release|Any CPU
		{B457E475-617E-493F-9F04-220498C7D676}.Release|iPhone.ActiveCfg = Release|Any CPU
		{B457E475-617E-493F-9F04-220498C7D676}.Release|iPhone.Build.0 = Release|Any CPU
		{B457E475-617E-493F-9F04-220498C7D676}.Release|iPhone.Deploy.0 = Release|Any CPU
		{B457E475-617E-493F-9F04-220498C7D676}.Release|iPhoneSimulator.ActiveCfg = Release|Any CPU
		{B457E475-617E-493F-9F04-220498C7D676}.Release|iPhoneSimulator.Build.0 = Release|Any CPU
		{B457E475-617E-493F-9F04-220498C7D676}.Release|iPhoneSimulator.Deploy.0 = Release|Any CPU
		{208575EB-8071-4A02-A406-FB4CB2F37D3C}.Debug|Any CPU.ActiveCfg = Debug|iPhone
		{208575EB-8071-4A02-A406-FB4CB2F37D3C}.Debug|Any CPU.Build.0 = Debug|iPhone
		{208575EB-8071-4A02-A406-FB4CB2F37D3C}.Debug|Any CPU.Deploy.0 = Debug|iPhone
		{208575EB-8071-4A02-A406-FB4CB2F37D3C}.Debug|iPhone.ActiveCfg = Debug|iPhone
		{208575EB-8071-4A02-A406-FB4CB2F37D3C}.Debug|iPhone.Build.0 = Debug|iPhone
		{208575EB-8071-4A02-A406-FB4CB2F37D3C}.Debug|iPhone.Deploy.0 = Debug|iPhone
		{208575EB-8071-4A02-A406-FB4CB2F37D3C}.Debug|iPhoneSimulator.ActiveCfg = Debug|iPhoneSimulator
		{208575EB-8071-4A02-A406-FB4CB2F37D3C}.Debug|iPhoneSimulator.Build.0 = Debug|iPhoneSimulator
		{208575EB-8071-4A02-A406-FB4CB2F37D3C}.Debug|iPhoneSimulator.Deploy.0 = Debug|iPhoneSimulator
		{208575EB-8071-4A02-A406-FB4CB2F37D3C}.Release|Any CPU.ActiveCfg = Release|iPhoneSimulator
		{208575EB-8071-4A02-A406-FB4CB2F37D3C}.Release|Any CPU.Build.0 = Release|iPhoneSimulator
		{208575EB-8071-4A02-A406-FB4CB2F37D3C}.Release|Any CPU.Deploy.0 = Release|iPhoneSimulator
		{208575EB-8071-4A02-A406-FB4CB2F37D3C}.Release|iPhone.ActiveCfg = Release|iPhone
		{208575EB-8071-4A02-A406-FB4CB2F37D3C}.Release|iPhone.Build.0 = Release|iPhone
		{208575EB-8071-4A02-A406-FB4CB2F37D3C}.Release|iPhone.Deploy.0 = Release|iPhone
		{208575EB-8071-4A02-A406-FB4CB2F37D3C}.Release|iPhoneSimulator.ActiveCfg = Release|iPhoneSimulator
		{208575EB-8071-4A02-A406-FB4CB2F37D3C}.Release|iPhoneSimulator.Build.0 = Release|iPhoneSimulator
		{208575EB-8071-4A02-A406-FB4CB2F37D3C}.Release|iPhoneSimulator.Deploy.0 = Release|iPhoneSimulator
		{F23C5A5A-4EC1-4240-B810-372AEA3F1831}.Debug|Any CPU.ActiveCfg = Debug|Any CPU
		{F23C5A5A-4EC1-4240-B810-372AEA3F1831}.Debug|Any CPU.Build.0 = Debug|Any CPU
		{F23C5A5A-4EC1-4240-B810-372AEA3F1831}.Debug|Any CPU.Deploy.0 = Debug|Any CPU
		{F23C5A5A-4EC1-4240-B810-372AEA3F1831}.Debug|iPhone.ActiveCfg = Debug|Any CPU
		{F23C5A5A-4EC1-4240-B810-372AEA3F1831}.Debug|iPhone.Build.0 = Debug|Any CPU
		{F23C5A5A-4EC1-4240-B810-372AEA3F1831}.Debug|iPhone.Deploy.0 = Debug|Any CPU
		{F23C5A5A-4EC1-4240-B810-372AEA3F1831}.Debug|iPhoneSimulator.ActiveCfg = Debug|Any CPU
		{F23C5A5A-4EC1-4240-B810-372AEA3F1831}.Debug|iPhoneSimulator.Build.0 = Debug|Any CPU
		{F23C5A5A-4EC1-4240-B810-372AEA3F1831}.Debug|iPhoneSimulator.Deploy.0 = Debug|Any CPU
		{F23C5A5A-4EC1-4240-B810-372AEA3F1831}.Release|Any CPU.ActiveCfg = Release|Any CPU
		{F23C5A5A-4EC1-4240-B810-372AEA3F1831}.Release|Any CPU.Build.0 = Release|Any CPU
		{F23C5A5A-4EC1-4240-B810-372AEA3F1831}.Release|Any CPU.Deploy.0 = Release|Any CPU
		{F23C5A5A-4EC1-4240-B810-372AEA3F1831}.Release|iPhone.ActiveCfg = Release|Any CPU
		{F23C5A5A-4EC1-4240-B810-372AEA3F1831}.Release|iPhone.Build.0 = Release|Any CPU
		{F23C5A5A-4EC1-4240-B810-372AEA3F1831}.Release|iPhone.Deploy.0 = Release|Any CPU
		{F23C5A5A-4EC1-4240-B810-372AEA3F1831}.Release|iPhoneSimulator.ActiveCfg = Release|Any CPU
		{F23C5A5A-4EC1-4240-B810-372AEA3F1831}.Release|iPhoneSimulator.Build.0 = Release|Any CPU
		{F23C5A5A-4EC1-4240-B810-372AEA3F1831}.Release|iPhoneSimulator.Deploy.0 = Release|Any CPU
	EndGlobalSection
	GlobalSection(SolutionProperties) = preSolution
		HideSolutionNode = FALSE
	EndGlobalSection
	GlobalSection(ExtensibilityGlobals) = postSolution
		SolutionGuid = {E86E1EE0-135D-43E0-8AB9-02616D2B1500}
	EndGlobalSection
EndGlobal
